{
  "name": "skylark-ui-colorpicker",
  "version": "0.9.0",
  "lockfileVersion": 1,
  "requires": true,
  "dependencies": {
    "skylark-bootstrap3": {
      "version": "git+https://github.com/skylarkui/skylark-bootstrap3.git#883c85e47f66346c8b4ffd8b1b739867d6134bb0",
      "from": "git+https://github.com/skylarkui/skylark-bootstrap3.git#master",
      "requires": {
        "skylark-langx": "git+https://github.com/skylarklangx/skylark-langx.git#685bd0d3de86c4c28765302b75df23022cd84363",
        "skylark-utils-dom": "git+https://github.com/skylarkutils/skylark-utils-dom.git#d19c98840a9d9ef4f5078d92bf7535759cac219a"
      }
    },
    "skylark-langx": {
      "version": "git+https://github.com/skylarklangx/skylark-langx.git#685bd0d3de86c4c28765302b75df23022cd84363",
      "from": "git+https://github.com/skylarklangx/skylark-langx.git#master"
    },
    "skylark-ui-swt": {
      "version": "git+https://github.com/skylarkui/skylark-ui-swt.git#07008732218c5c66c2ce4feab87c7241ee8bb15f",
      "from": "git+https://github.com/skylarkui/skylark-ui-swt.git#master",
      "requires": {
        "skylark-bootstrap3": "git+https://github.com/skylarkui/skylark-bootstrap3.git#883c85e47f66346c8b4ffd8b1b739867d6134bb0",
        "skylark-langx": "git+https://github.com/skylarklangx/skylark-langx.git#685bd0d3de86c4c28765302b75df23022cd84363",
        "skylark-utils-collection": "git+https://github.com/skylarkutils/skylark-utils-collection.git#2d6e7857276c0354faa07de2a70155b9237608c9",
        "skylark-utils-dom": "git+https://github.com/skylarkutils/skylark-utils-dom.git#d19c98840a9d9ef4f5078d92bf7535759cac219a"
      }
    },
    "skylark-utils-collection": {
      "version": "git+https://github.com/skylarkutils/skylark-utils-collection.git#2d6e7857276c0354faa07de2a70155b9237608c9",
      "from": "git+https://github.com/skylarkutils/skylark-utils-collection.git#master"
    },
    "skylark-utils-color": {
      "version": "git+https://github.com/skylarkutils/skylark-utils-color.git#03edb54a1258591fa288b54a1d17375dc1d38622",
      "from": "git+https://github.com/skylarkutils/skylark-utils-color.git#master"
    },
    "skylark-utils-dom": {
      "version": "git+https://github.com/skylarkutils/skylark-utils-dom.git#d19c98840a9d9ef4f5078d92bf7535759cac219a",
      "from": "git+https://github.com/skylarkutils/skylark-utils-dom.git#master",
      "requires": {
        "skylark-langx": "git+https://github.com/skylarklangx/skylark-langx.git#685bd0d3de86c4c28765302b75df23022cd84363"
      }
    },
    "skylark-utils-interact": {
      "version": "git+https://github.com/skylarkutils/skylark-utils-interact.git#f6dc55ed1134b7826703d025c15ad40012ffd8a8",
      "from": "git+https://github.com/skylarkutils/skylark-utils-interact.git#master"
    }
  }
}
